// !$*UTF8*$!
{
	archiveVersion = 1;
	classes = {
	};
	objectVersion = 46;
	objects = {

/* Begin PBXBuildFile section */
		E2A473B78477C65F0BDD78AC /* Pods_WooShot.framework in Frameworks */ = {isa = PBXBuildFile; fileRef = 3E831C570B5335D99E41F960 /* Pods_WooShot.framework */; };
		F614AC801D82BE2500CFEDFD /* GoogleService-Info.plist in Resources */ = {isa = PBXBuildFile; fileRef = F614AC7F1D82BE2500CFEDFD /* GoogleService-Info.plist */; };
		F61F5E4C1DB6754700901228 /* RoundedImageView.swift in Sources */ = {isa = PBXBuildFile; fileRef = F61F5E4B1DB6754700901228 /* RoundedImageView.swift */; };
		F6280DAC1DBAA2190026368D /* ImageManager.swift in Sources */ = {isa = PBXBuildFile; fileRef = F6280DAB1DBAA2190026368D /* ImageManager.swift */; };
		F62C04C31DBB68440029D6AE /* ChatManager.swift in Sources */ = {isa = PBXBuildFile; fileRef = F62C04C21DBB68440029D6AE /* ChatManager.swift */; };
		F62C04C51DBB684A0029D6AE /* PlaceManager.swift in Sources */ = {isa = PBXBuildFile; fileRef = F62C04C41DBB684A0029D6AE /* PlaceManager.swift */; };
		F62C04C81DBB6AA80029D6AE /* ChatViewController.swift in Sources */ = {isa = PBXBuildFile; fileRef = F62C04C71DBB6AA80029D6AE /* ChatViewController.swift */; };
		F637537C1D9A98BC00EA3ACC /* TutorialViewController.swift in Sources */ = {isa = PBXBuildFile; fileRef = F637537B1D9A98BC00EA3ACC /* TutorialViewController.swift */; };
		F64B0D9D1DAE6FFE0045B9FC /* MapsViewController.swift in Sources */ = {isa = PBXBuildFile; fileRef = F64B0D9C1DAE6FFE0045B9FC /* MapsViewController.swift */; };
		F64B0D9F1DAE700A0045B9FC /* ProfileViewController.swift in Sources */ = {isa = PBXBuildFile; fileRef = F64B0D9E1DAE700A0045B9FC /* ProfileViewController.swift */; };
		F6503D901DF41AA50051EFFC /* Auth.swift in Sources */ = {isa = PBXBuildFile; fileRef = F6503D8F1DF41AA50051EFFC /* Auth.swift */; };
		F6503D921DF41C2E0051EFFC /* RemoteConfig.swift in Sources */ = {isa = PBXBuildFile; fileRef = F6503D911DF41C2E0051EFFC /* RemoteConfig.swift */; };
		F6503D941DF41C4E0051EFFC /* Database.swift in Sources */ = {isa = PBXBuildFile; fileRef = F6503D931DF41C4E0051EFFC /* Database.swift */; };
		F6503D961DF41C810051EFFC /* Storage.swift in Sources */ = {isa = PBXBuildFile; fileRef = F6503D951DF41C810051EFFC /* Storage.swift */; };
		F65242F71DBBA95400982D96 /* Place.swift in Sources */ = {isa = PBXBuildFile; fileRef = F65242F61DBBA95400982D96 /* Place.swift */; };
		F65242FB1DBBE3C900982D96 /* PhotoViewController.swift in Sources */ = {isa = PBXBuildFile; fileRef = F65242FA1DBBE3C900982D96 /* PhotoViewController.swift */; };
		F66911041D2DDF060000A447 /* LogInViewController.swift in Sources */ = {isa = PBXBuildFile; fileRef = F66911031D2DDF060000A447 /* LogInViewController.swift */; };
		F67344011D9957680010311B /* PolicyViewController.swift in Sources */ = {isa = PBXBuildFile; fileRef = F67344001D9957680010311B /* PolicyViewController.swift */; };
		F68557431DA6853100C1384B /* InfoPlist.strings in Resources */ = {isa = PBXBuildFile; fileRef = F68557451DA6853100C1384B /* InfoPlist.strings */; };
		F6894D1D1DA6900E00C8D2E8 /* UIImage + CropImage.swift in Sources */ = {isa = PBXBuildFile; fileRef = F6894D1C1DA6900E00C8D2E8 /* UIImage + CropImage.swift */; };
		F69A1A271DABE723003053B8 /* User.swift in Sources */ = {isa = PBXBuildFile; fileRef = F69A1A261DABE723003053B8 /* User.swift */; };
		F69A1A2A1DABEA33003053B8 /* PhotoCollectionViewCell.swift in Sources */ = {isa = PBXBuildFile; fileRef = F69A1A291DABEA33003053B8 /* PhotoCollectionViewCell.swift */; };
		F69FEF321D83054A003EEFA2 /* HomeViewController.swift in Sources */ = {isa = PBXBuildFile; fileRef = F69FEF311D83054A003EEFA2 /* HomeViewController.swift */; };
		F6A0D6ED1DABA93B00927920 /* MainViewController.swift in Sources */ = {isa = PBXBuildFile; fileRef = F6A0D6EC1DABA93B00927920 /* MainViewController.swift */; };
		F6A2D8FE1DF435B7006EBC13 /* PageViewController.swift in Sources */ = {isa = PBXBuildFile; fileRef = F6A2D8FD1DF435B7006EBC13 /* PageViewController.swift */; };
		F6A2D9001DF45A62006EBC13 /* CornerRadiusLabel.swift in Sources */ = {isa = PBXBuildFile; fileRef = F6A2D8FF1DF45A62006EBC13 /* CornerRadiusLabel.swift */; };
		F6A2D9021DF45A71006EBC13 /* CornerRadiusButton.swift in Sources */ = {isa = PBXBuildFile; fileRef = F6A2D9011DF45A71006EBC13 /* CornerRadiusButton.swift */; };
		F6A75B031DBA7204008A65EF /* UserManager.swift in Sources */ = {isa = PBXBuildFile; fileRef = F6A75B021DBA7204008A65EF /* UserManager.swift */; };
		F6A75B071DBA74A7008A65EF /* Provider.swift in Sources */ = {isa = PBXBuildFile; fileRef = F6A75B061DBA74A7008A65EF /* Provider.swift */; };
		F6B469181DB79B5D00D0AF7A /* HeaderTableViewCell.swift in Sources */ = {isa = PBXBuildFile; fileRef = F6B469171DB79B5D00D0AF7A /* HeaderTableViewCell.swift */; };
		F6B60FDD1D82EEF60046D3ED /* UIColor.swift in Sources */ = {isa = PBXBuildFile; fileRef = F6B60FDC1D82EEF60046D3ED /* UIColor.swift */; };
		F6C4728F1D83262400D42320 /* SignUpViewController.swift in Sources */ = {isa = PBXBuildFile; fileRef = F6C4728E1D83262400D42320 /* SignUpViewController.swift */; };
		F6C64E581D2E9C5600CEBF50 /* Localizable.strings in Resources */ = {isa = PBXBuildFile; fileRef = F6C64E5A1D2E9C5600CEBF50 /* Localizable.strings */; };
		F6CCCFAE1DB67DCB00E59BE0 /* RoundButton.swift in Sources */ = {isa = PBXBuildFile; fileRef = F6CCCFAD1DB67DCB00E59BE0 /* RoundButton.swift */; };
		F6CCCFB01DB6905D00E59BE0 /* AppleMusicButton.swift in Sources */ = {isa = PBXBuildFile; fileRef = F6CCCFAF1DB6905D00E59BE0 /* AppleMusicButton.swift */; };
		F6DEEF8D1D8FF387003869B5 /* WooShotViewController.swift in Sources */ = {isa = PBXBuildFile; fileRef = F6DEEF8C1D8FF387003869B5 /* WooShotViewController.swift */; };
		F6E9DD221DF4278600ADEDC8 /* UIViewController + Alert.swift in Sources */ = {isa = PBXBuildFile; fileRef = F6E9DD211DF4278600ADEDC8 /* UIViewController + Alert.swift */; };
		F6F060F71D2DA1E400063049 /* AppDelegate.swift in Sources */ = {isa = PBXBuildFile; fileRef = F6F060F61D2DA1E400063049 /* AppDelegate.swift */; };
		F6F060FC1D2DA1E400063049 /* Main.storyboard in Resources */ = {isa = PBXBuildFile; fileRef = F6F060FA1D2DA1E400063049 /* Main.storyboard */; };
		F6F060FE1D2DA1E400063049 /* Assets.xcassets in Resources */ = {isa = PBXBuildFile; fileRef = F6F060FD1D2DA1E400063049 /* Assets.xcassets */; };
		F6F061011D2DA1E400063049 /* LaunchScreen.storyboard in Resources */ = {isa = PBXBuildFile; fileRef = F6F060FF1D2DA1E400063049 /* LaunchScreen.storyboard */; };
/* End PBXBuildFile section */

/* Begin PBXFileReference section */
		3E831C570B5335D99E41F960 /* Pods_WooShot.framework */ = {isa = PBXFileReference; explicitFileType = wrapper.framework; includeInIndex = 0; path = Pods_WooShot.framework; sourceTree = BUILT_PRODUCTS_DIR; };
		6373FC3B49F7FF93A5A494C5 /* Pods-WooShot.release.xcconfig */ = {isa = PBXFileReference; includeInIndex = 1; lastKnownFileType = text.xcconfig; name = "Pods-WooShot.release.xcconfig"; path = "Pods/Target Support Files/Pods-WooShot/Pods-WooShot.release.xcconfig"; sourceTree = "<group>"; };
		928E7D41511CBF25DD144CC2 /* Pods-WooShot.debug.xcconfig */ = {isa = PBXFileReference; includeInIndex = 1; lastKnownFileType = text.xcconfig; name = "Pods-WooShot.debug.xcconfig"; path = "Pods/Target Support Files/Pods-WooShot/Pods-WooShot.debug.xcconfig"; sourceTree = "<group>"; };
		F614AC7F1D82BE2500CFEDFD /* GoogleService-Info.plist */ = {isa = PBXFileReference; fileEncoding = 4; lastKnownFileType = text.plist.xml; path = "GoogleService-Info.plist"; sourceTree = "<group>"; };
		F614AC9F1D82C18E00CFEDFD /* WooShot.entitlements */ = {isa = PBXFileReference; lastKnownFileType = text.plist.entitlements; path = WooShot.entitlements; sourceTree = "<group>"; };
		F61F5E4B1DB6754700901228 /* RoundedImageView.swift */ = {isa = PBXFileReference; fileEncoding = 4; lastKnownFileType = sourcecode.swift; path = RoundedImageView.swift; sourceTree = "<group>"; };
		F6280DAB1DBAA2190026368D /* ImageManager.swift */ = {isa = PBXFileReference; fileEncoding = 4; lastKnownFileType = sourcecode.swift; path = ImageManager.swift; sourceTree = "<group>"; };
		F62C04C21DBB68440029D6AE /* ChatManager.swift */ = {isa = PBXFileReference; fileEncoding = 4; lastKnownFileType = sourcecode.swift; path = ChatManager.swift; sourceTree = "<group>"; };
		F62C04C41DBB684A0029D6AE /* PlaceManager.swift */ = {isa = PBXFileReference; fileEncoding = 4; lastKnownFileType = sourcecode.swift; lineEnding = 0; path = PlaceManager.swift; sourceTree = "<group>"; xcLanguageSpecificationIdentifier = xcode.lang.swift; };
		F62C04C71DBB6AA80029D6AE /* ChatViewController.swift */ = {isa = PBXFileReference; fileEncoding = 4; lastKnownFileType = sourcecode.swift; lineEnding = 0; path = ChatViewController.swift; sourceTree = "<group>"; xcLanguageSpecificationIdentifier = xcode.lang.swift; };
		F637537B1D9A98BC00EA3ACC /* TutorialViewController.swift */ = {isa = PBXFileReference; fileEncoding = 4; lastKnownFileType = sourcecode.swift; path = TutorialViewController.swift; sourceTree = "<group>"; };
		F64B0D9C1DAE6FFE0045B9FC /* MapsViewController.swift */ = {isa = PBXFileReference; fileEncoding = 4; lastKnownFileType = sourcecode.swift; lineEnding = 0; path = MapsViewController.swift; sourceTree = "<group>"; xcLanguageSpecificationIdentifier = xcode.lang.swift; };
		F64B0D9E1DAE700A0045B9FC /* ProfileViewController.swift */ = {isa = PBXFileReference; fileEncoding = 4; lastKnownFileType = sourcecode.swift; path = ProfileViewController.swift; sourceTree = "<group>"; };
		F6503D8F1DF41AA50051EFFC /* Auth.swift */ = {isa = PBXFileReference; fileEncoding = 4; lastKnownFileType = sourcecode.swift; path = Auth.swift; sourceTree = "<group>"; };
		F6503D911DF41C2E0051EFFC /* RemoteConfig.swift */ = {isa = PBXFileReference; fileEncoding = 4; lastKnownFileType = sourcecode.swift; path = RemoteConfig.swift; sourceTree = "<group>"; };
		F6503D931DF41C4E0051EFFC /* Database.swift */ = {isa = PBXFileReference; fileEncoding = 4; lastKnownFileType = sourcecode.swift; path = Database.swift; sourceTree = "<group>"; };
		F6503D951DF41C810051EFFC /* Storage.swift */ = {isa = PBXFileReference; fileEncoding = 4; lastKnownFileType = sourcecode.swift; path = Storage.swift; sourceTree = "<group>"; };
		F65242F61DBBA95400982D96 /* Place.swift */ = {isa = PBXFileReference; fileEncoding = 4; lastKnownFileType = sourcecode.swift; lineEnding = 0; path = Place.swift; sourceTree = "<group>"; xcLanguageSpecificationIdentifier = xcode.lang.swift; };
		F65242FA1DBBE3C900982D96 /* PhotoViewController.swift */ = {isa = PBXFileReference; fileEncoding = 4; lastKnownFileType = sourcecode.swift; path = PhotoViewController.swift; sourceTree = "<group>"; };
		F66911031D2DDF060000A447 /* LogInViewController.swift */ = {isa = PBXFileReference; fileEncoding = 4; lastKnownFileType = sourcecode.swift; lineEnding = 0; path = LogInViewController.swift; sourceTree = "<group>"; xcLanguageSpecificationIdentifier = xcode.lang.swift; };
		F67344001D9957680010311B /* PolicyViewController.swift */ = {isa = PBXFileReference; fileEncoding = 4; lastKnownFileType = sourcecode.swift; lineEnding = 0; path = PolicyViewController.swift; sourceTree = "<group>"; xcLanguageSpecificationIdentifier = xcode.lang.swift; };
		F685573F1DA684F300C1384B /* Info.plist */ = {isa = PBXFileReference; fileEncoding = 4; lastKnownFileType = text.plist.xml; path = Info.plist; sourceTree = "<group>"; };
		F68557441DA6853100C1384B /* Base */ = {isa = PBXFileReference; lastKnownFileType = text.plist.strings; name = Base; path = Base.lproj/InfoPlist.strings; sourceTree = "<group>"; };
		F68557461DA6853A00C1384B /* fr */ = {isa = PBXFileReference; lastKnownFileType = text.plist.strings; name = fr; path = fr.lproj/InfoPlist.strings; sourceTree = "<group>"; };
		F6894D1C1DA6900E00C8D2E8 /* UIImage + CropImage.swift */ = {isa = PBXFileReference; fileEncoding = 4; lastKnownFileType = sourcecode.swift; path = "UIImage + CropImage.swift"; sourceTree = "<group>"; };
		F690FA351D903DD4006CB064 /* fr */ = {isa = PBXFileReference; lastKnownFileType = text.plist.strings; name = fr; path = fr.lproj/Main.strings; sourceTree = "<group>"; };
		F69A1A261DABE723003053B8 /* User.swift */ = {isa = PBXFileReference; fileEncoding = 4; lastKnownFileType = sourcecode.swift; path = User.swift; sourceTree = "<group>"; };
		F69A1A291DABEA33003053B8 /* PhotoCollectionViewCell.swift */ = {isa = PBXFileReference; fileEncoding = 4; lastKnownFileType = sourcecode.swift; path = PhotoCollectionViewCell.swift; sourceTree = "<group>"; };
		F69FEF311D83054A003EEFA2 /* HomeViewController.swift */ = {isa = PBXFileReference; fileEncoding = 4; lastKnownFileType = sourcecode.swift; lineEnding = 0; path = HomeViewController.swift; sourceTree = "<group>"; xcLanguageSpecificationIdentifier = xcode.lang.swift; };
		F6A0D6EC1DABA93B00927920 /* MainViewController.swift */ = {isa = PBXFileReference; fileEncoding = 4; lastKnownFileType = sourcecode.swift; path = MainViewController.swift; sourceTree = "<group>"; };
		F6A2D8FD1DF435B7006EBC13 /* PageViewController.swift */ = {isa = PBXFileReference; fileEncoding = 4; lastKnownFileType = sourcecode.swift; path = PageViewController.swift; sourceTree = "<group>"; };
		F6A2D8FF1DF45A62006EBC13 /* CornerRadiusLabel.swift */ = {isa = PBXFileReference; fileEncoding = 4; lastKnownFileType = sourcecode.swift; path = CornerRadiusLabel.swift; sourceTree = "<group>"; };
		F6A2D9011DF45A71006EBC13 /* CornerRadiusButton.swift */ = {isa = PBXFileReference; fileEncoding = 4; lastKnownFileType = sourcecode.swift; path = CornerRadiusButton.swift; sourceTree = "<group>"; };
		F6A75B021DBA7204008A65EF /* UserManager.swift */ = {isa = PBXFileReference; fileEncoding = 4; lastKnownFileType = sourcecode.swift; path = UserManager.swift; sourceTree = "<group>"; };
		F6A75B061DBA74A7008A65EF /* Provider.swift */ = {isa = PBXFileReference; fileEncoding = 4; lastKnownFileType = sourcecode.swift; path = Provider.swift; sourceTree = "<group>"; };
		F6B469171DB79B5D00D0AF7A /* HeaderTableViewCell.swift */ = {isa = PBXFileReference; fileEncoding = 4; lastKnownFileType = sourcecode.swift; path = HeaderTableViewCell.swift; sourceTree = "<group>"; };
		F6B60FDC1D82EEF60046D3ED /* UIColor.swift */ = {isa = PBXFileReference; fileEncoding = 4; lastKnownFileType = sourcecode.swift; path = UIColor.swift; sourceTree = "<group>"; };
		F6C4728E1D83262400D42320 /* SignUpViewController.swift */ = {isa = PBXFileReference; fileEncoding = 4; lastKnownFileType = sourcecode.swift; path = SignUpViewController.swift; sourceTree = "<group>"; };
		F6C64E591D2E9C5600CEBF50 /* fr */ = {isa = PBXFileReference; lastKnownFileType = text.plist.strings; name = fr; path = fr.lproj/Localizable.strings; sourceTree = "<group>"; };
		F6C64E5C1D2E9C5F00CEBF50 /* Base */ = {isa = PBXFileReference; lastKnownFileType = text.plist.strings; name = Base; path = Base.lproj/Localizable.strings; sourceTree = "<group>"; };
		F6C9E3AE1D2DE0BC00F66FA5 /* fr */ = {isa = PBXFileReference; lastKnownFileType = text.plist.strings; name = fr; path = fr.lproj/LaunchScreen.strings; sourceTree = "<group>"; };
		F6CCCFAD1DB67DCB00E59BE0 /* RoundButton.swift */ = {isa = PBXFileReference; fileEncoding = 4; lastKnownFileType = sourcecode.swift; path = RoundButton.swift; sourceTree = "<group>"; };
		F6CCCFAF1DB6905D00E59BE0 /* AppleMusicButton.swift */ = {isa = PBXFileReference; fileEncoding = 4; lastKnownFileType = sourcecode.swift; path = AppleMusicButton.swift; sourceTree = "<group>"; };
		F6DEEF8C1D8FF387003869B5 /* WooShotViewController.swift */ = {isa = PBXFileReference; fileEncoding = 4; lastKnownFileType = sourcecode.swift; path = WooShotViewController.swift; sourceTree = "<group>"; };
		F6E9DD211DF4278600ADEDC8 /* UIViewController + Alert.swift */ = {isa = PBXFileReference; fileEncoding = 4; lastKnownFileType = sourcecode.swift; path = "UIViewController + Alert.swift"; sourceTree = "<group>"; };
		F6F060F31D2DA1E400063049 /* WooShot.app */ = {isa = PBXFileReference; explicitFileType = wrapper.application; includeInIndex = 0; path = WooShot.app; sourceTree = BUILT_PRODUCTS_DIR; };
		F6F060F61D2DA1E400063049 /* AppDelegate.swift */ = {isa = PBXFileReference; lastKnownFileType = sourcecode.swift; path = AppDelegate.swift; sourceTree = "<group>"; };
		F6F060FB1D2DA1E400063049 /* Base */ = {isa = PBXFileReference; lastKnownFileType = file.storyboard; name = Base; path = Base.lproj/Main.storyboard; sourceTree = "<group>"; };
		F6F060FD1D2DA1E400063049 /* Assets.xcassets */ = {isa = PBXFileReference; lastKnownFileType = folder.assetcatalog; path = Assets.xcassets; sourceTree = "<group>"; };
		F6F061001D2DA1E400063049 /* Base */ = {isa = PBXFileReference; lastKnownFileType = file.storyboard; name = Base; path = Base.lproj/LaunchScreen.storyboard; sourceTree = "<group>"; };
/* End PBXFileReference section */

/* Begin PBXFrameworksBuildPhase section */
		F6F060F01D2DA1E400063049 /* Frameworks */ = {
			isa = PBXFrameworksBuildPhase;
			buildActionMask = 2147483647;
			files = (
				E2A473B78477C65F0BDD78AC /* Pods_WooShot.framework in Frameworks */,
			);
			runOnlyForDeploymentPostprocessing = 0;
		};
/* End PBXFrameworksBuildPhase section */

/* Begin PBXGroup section */
		410419C226959AE98E69AA23 /* Pods */ = {
			isa = PBXGroup;
			children = (
				928E7D41511CBF25DD144CC2 /* Pods-WooShot.debug.xcconfig */,
				6373FC3B49F7FF93A5A494C5 /* Pods-WooShot.release.xcconfig */,
			);
			name = Pods;
			sourceTree = "<group>";
		};
		BA5B21BE8AA369DDB7641EFA /* Frameworks */ = {
			isa = PBXGroup;
			children = (
				3E831C570B5335D99E41F960 /* Pods_WooShot.framework */,
			);
			name = Frameworks;
			sourceTree = "<group>";
		};
		F62C04C61DBB68630029D6AE /* Managers */ = {
			isa = PBXGroup;
			children = (
				F62C04C21DBB68440029D6AE /* ChatManager.swift */,
				F62C04C41DBB684A0029D6AE /* PlaceManager.swift */,
				F6280DAB1DBAA2190026368D /* ImageManager.swift */,
				F6A75B021DBA7204008A65EF /* UserManager.swift */,
			);
			name = Managers;
			sourceTree = "<group>";
		};
		F6382BD01DBB972D007B1399 /* Extensions */ = {
			isa = PBXGroup;
			children = (
				F6B60FDC1D82EEF60046D3ED /* UIColor.swift */,
				F6894D1C1DA6900E00C8D2E8 /* UIImage + CropImage.swift */,
				F6E9DD211DF4278600ADEDC8 /* UIViewController + Alert.swift */,
			);
			name = Extensions;
			sourceTree = "<group>";
		};
		F641AA9E1D8832FD00BC07C8 /* Models */ = {
			isa = PBXGroup;
			children = (
				F6A75B061DBA74A7008A65EF /* Provider.swift */,
				F65242F81DBBA95800982D96 /* Entities */,
				F6503D8E1DF41A570051EFFC /* Firebase */,
				F62C04C61DBB68630029D6AE /* Managers */,
			);
			name = Models;
			sourceTree = "<group>";
		};
		F641AA9F1D88330500BC07C8 /* Controllers */ = {
			isa = PBXGroup;
			children = (
				F6A2D8FC1DF43580006EBC13 /* Home */,
				F6A2D8FB1DF43572006EBC13 /* Main */,
			);
			name = Controllers;
			sourceTree = "<group>";
		};
		F641AAA01D88330D00BC07C8 /* Views */ = {
			isa = PBXGroup;
			children = (
				F6F060FD1D2DA1E400063049 /* Assets.xcassets */,
				F6F060FA1D2DA1E400063049 /* Main.storyboard */,
				F6F060FF1D2DA1E400063049 /* LaunchScreen.storyboard */,
				F6DEEF8C1D8FF387003869B5 /* WooShotViewController.swift */,
				F69A1A291DABEA33003053B8 /* PhotoCollectionViewCell.swift */,
				F6CCCFAD1DB67DCB00E59BE0 /* RoundButton.swift */,
				F6A2D8FF1DF45A62006EBC13 /* CornerRadiusLabel.swift */,
				F6A2D9011DF45A71006EBC13 /* CornerRadiusButton.swift */,
				F6CCCFAF1DB6905D00E59BE0 /* AppleMusicButton.swift */,
				F61F5E4B1DB6754700901228 /* RoundedImageView.swift */,
				F6B469171DB79B5D00D0AF7A /* HeaderTableViewCell.swift */,
			);
			name = Views;
			sourceTree = "<group>";
		};
		F6503D8E1DF41A570051EFFC /* Firebase */ = {
			isa = PBXGroup;
			children = (
				F6503D8F1DF41AA50051EFFC /* Auth.swift */,
				F6503D911DF41C2E0051EFFC /* RemoteConfig.swift */,
				F6503D931DF41C4E0051EFFC /* Database.swift */,
				F6503D951DF41C810051EFFC /* Storage.swift */,
			);
			name = Firebase;
			sourceTree = "<group>";
		};
		F65242F81DBBA95800982D96 /* Entities */ = {
			isa = PBXGroup;
			children = (
				F69A1A261DABE723003053B8 /* User.swift */,
				F65242F61DBBA95400982D96 /* Place.swift */,
			);
			name = Entities;
			sourceTree = "<group>";
		};
		F6A2D8FB1DF43572006EBC13 /* Main */ = {
			isa = PBXGroup;
			children = (
				F6A0D6EC1DABA93B00927920 /* MainViewController.swift */,
				F6A2D8FD1DF435B7006EBC13 /* PageViewController.swift */,
				F64B0D9C1DAE6FFE0045B9FC /* MapsViewController.swift */,
				F64B0D9E1DAE700A0045B9FC /* ProfileViewController.swift */,
				F62C04C71DBB6AA80029D6AE /* ChatViewController.swift */,
				F65242FA1DBBE3C900982D96 /* PhotoViewController.swift */,
			);
			name = Main;
			sourceTree = "<group>";
		};
		F6A2D8FC1DF43580006EBC13 /* Home */ = {
			isa = PBXGroup;
			children = (
				F69FEF311D83054A003EEFA2 /* HomeViewController.swift */,
				F66911031D2DDF060000A447 /* LogInViewController.swift */,
				F67344001D9957680010311B /* PolicyViewController.swift */,
				F6C4728E1D83262400D42320 /* SignUpViewController.swift */,
				F637537B1D9A98BC00EA3ACC /* TutorialViewController.swift */,
			);
			name = Home;
			sourceTree = "<group>";
		};
		F6D0D2D41D2DCB5D00E7E25C /* Supporting Files */ = {
			isa = PBXGroup;
			children = (
				F685573F1DA684F300C1384B /* Info.plist */,
				F68557451DA6853100C1384B /* InfoPlist.strings */,
				F6C64E5A1D2E9C5600CEBF50 /* Localizable.strings */,
				F614AC9F1D82C18E00CFEDFD /* WooShot.entitlements */,
				F6F060F61D2DA1E400063049 /* AppDelegate.swift */,
			);
			name = "Supporting Files";
			path = WooShot;
			sourceTree = "<group>";
		};
		F6F060EA1D2DA1E400063049 = {
			isa = PBXGroup;
			children = (
				F614AC7F1D82BE2500CFEDFD /* GoogleService-Info.plist */,
				F6F060F51D2DA1E400063049 /* WooShot */,
				F6D0D2D41D2DCB5D00E7E25C /* Supporting Files */,
				F6F060F41D2DA1E400063049 /* Products */,
				410419C226959AE98E69AA23 /* Pods */,
				BA5B21BE8AA369DDB7641EFA /* Frameworks */,
			);
			sourceTree = "<group>";
		};
		F6F060F41D2DA1E400063049 /* Products */ = {
			isa = PBXGroup;
			children = (
				F6F060F31D2DA1E400063049 /* WooShot.app */,
			);
			name = Products;
			sourceTree = "<group>";
		};
		F6F060F51D2DA1E400063049 /* WooShot */ = {
			isa = PBXGroup;
			children = (
				F6382BD01DBB972D007B1399 /* Extensions */,
				F641AAA01D88330D00BC07C8 /* Views */,
				F641AA9F1D88330500BC07C8 /* Controllers */,
				F641AA9E1D8832FD00BC07C8 /* Models */,
			);
			path = WooShot;
			sourceTree = "<group>";
		};
/* End PBXGroup section */

/* Begin PBXNativeTarget section */
		F6F060F21D2DA1E400063049 /* WooShot */ = {
			isa = PBXNativeTarget;
			buildConfigurationList = F6F061051D2DA1E400063049 /* Build configuration list for PBXNativeTarget "WooShot" */;
			buildPhases = (
				5B4878B4731A39E41DF1331F /* [CP] Check Pods Manifest.lock */,
				F6F060EF1D2DA1E400063049 /* Sources */,
				F6F060F01D2DA1E400063049 /* Frameworks */,
				F6F060F11D2DA1E400063049 /* Resources */,
				F6D0D2D31D2DCA6E00E7E25C /* ShellScript */,
				45D3209A5F2C19A9443C39E7 /* [CP] Embed Pods Frameworks */,
				47706A97E807A0B35835D74C /* [CP] Copy Pods Resources */,
			);
			buildRules = (
			);
			dependencies = (
			);
			name = WooShot;
			productName = WooShot;
			productReference = F6F060F31D2DA1E400063049 /* WooShot.app */;
			productType = "com.apple.product-type.application";
		};
/* End PBXNativeTarget section */

/* Begin PBXProject section */
		F6F060EB1D2DA1E400063049 /* Project object */ = {
			isa = PBXProject;
			attributes = {
				LastSwiftUpdateCheck = 0730;
				LastUpgradeCheck = 0810;
				ORGANIZATIONNAME = WooShot;
				TargetAttributes = {
					F6F060F21D2DA1E400063049 = {
						CreatedOnToolsVersion = 7.3.1;
						DevelopmentTeam = YLWQZ572AG;
						LastSwiftMigration = 0800;
						SystemCapabilities = {
							com.apple.BackgroundModes = {
								enabled = 1;
							};
							com.apple.Keychain = {
								enabled = 1;
							};
							com.apple.Push = {
								enabled = 1;
							};
						};
					};
				};
			};
			buildConfigurationList = F6F060EE1D2DA1E400063049 /* Build configuration list for PBXProject "WooShot" */;
			compatibilityVersion = "Xcode 3.2";
			developmentRegion = English;
			hasScannedForEncodings = 0;
			knownRegions = (
				en,
				Base,
				fr,
			);
			mainGroup = F6F060EA1D2DA1E400063049;
			productRefGroup = F6F060F41D2DA1E400063049 /* Products */;
			projectDirPath = "";
			projectRoot = "";
			targets = (
				F6F060F21D2DA1E400063049 /* WooShot */,
			);
		};
/* End PBXProject section */

/* Begin PBXResourcesBuildPhase section */
		F6F060F11D2DA1E400063049 /* Resources */ = {
			isa = PBXResourcesBuildPhase;
			buildActionMask = 2147483647;
			files = (
				F6C64E581D2E9C5600CEBF50 /* Localizable.strings in Resources */,
				F68557431DA6853100C1384B /* InfoPlist.strings in Resources */,
				F6F061011D2DA1E400063049 /* LaunchScreen.storyboard in Resources */,
				F614AC801D82BE2500CFEDFD /* GoogleService-Info.plist in Resources */,
				F6F060FE1D2DA1E400063049 /* Assets.xcassets in Resources */,
				F6F060FC1D2DA1E400063049 /* Main.storyboard in Resources */,
			);
			runOnlyForDeploymentPostprocessing = 0;
		};
/* End PBXResourcesBuildPhase section */

/* Begin PBXShellScriptBuildPhase section */
		45D3209A5F2C19A9443C39E7 /* [CP] Embed Pods Frameworks */ = {
			isa = PBXShellScriptBuildPhase;
			buildActionMask = 2147483647;
			files = (
			);
			inputPaths = (
			);
			name = "[CP] Embed Pods Frameworks";
			outputPaths = (
			);
			runOnlyForDeploymentPostprocessing = 0;
			shellPath = /bin/sh;
			shellScript = "\"${SRCROOT}/Pods/Target Support Files/Pods-WooShot/Pods-WooShot-frameworks.sh\"\n";
			showEnvVarsInLog = 0;
		};
		47706A97E807A0B35835D74C /* [CP] Copy Pods Resources */ = {
			isa = PBXShellScriptBuildPhase;
			buildActionMask = 2147483647;
			files = (
			);
			inputPaths = (
			);
			name = "[CP] Copy Pods Resources";
			outputPaths = (
			);
			runOnlyForDeploymentPostprocessing = 0;
			shellPath = /bin/sh;
			shellScript = "\"${SRCROOT}/Pods/Target Support Files/Pods-WooShot/Pods-WooShot-resources.sh\"\n";
			showEnvVarsInLog = 0;
		};
		5B4878B4731A39E41DF1331F /* [CP] Check Pods Manifest.lock */ = {
			isa = PBXShellScriptBuildPhase;
			buildActionMask = 2147483647;
			files = (
			);
			inputPaths = (
			);
			name = "[CP] Check Pods Manifest.lock";
			outputPaths = (
			);
			runOnlyForDeploymentPostprocessing = 0;
			shellPath = /bin/sh;
			shellScript = "diff \"${PODS_ROOT}/../Podfile.lock\" \"${PODS_ROOT}/Manifest.lock\" > /dev/null\nif [ $? != 0 ] ; then\n    # print error to STDERR\n    echo \"error: The sandbox is not in sync with the Podfile.lock. Run 'pod install' or update your CocoaPods installation.\" >&2\n    exit 1\nfi\n";
			showEnvVarsInLog = 0;
		};
		F6D0D2D31D2DCA6E00E7E25C /* ShellScript */ = {
			isa = PBXShellScriptBuildPhase;
			buildActionMask = 2147483647;
			files = (
			);
			inputPaths = (
			);
			outputPaths = (
			);
			runOnlyForDeploymentPostprocessing = 0;
			shellPath = /bin/sh;
			shellScript = "# Auto Increment Version Script\nbuildPlist=${INFOPLIST_FILE}\nCFBundleVersion=$(/usr/libexec/PlistBuddy -c \"Print CFBundleVersion\" $buildPlist)\nCFBundleVersion=$(($CFBundleVersion + 1))\n/usr/libexec/PlistBuddy -c \"Set :CFBundleVersion $CFBundleVersion\" $buildPlist";
		};
/* End PBXShellScriptBuildPhase section */

/* Begin PBXSourcesBuildPhase section */
		F6F060EF1D2DA1E400063049 /* Sources */ = {
			isa = PBXSourcesBuildPhase;
			buildActionMask = 2147483647;
			files = (
				F61F5E4C1DB6754700901228 /* RoundedImageView.swift in Sources */,
				F65242F71DBBA95400982D96 /* Place.swift in Sources */,
				F6503D941DF41C4E0051EFFC /* Database.swift in Sources */,
				F66911041D2DDF060000A447 /* LogInViewController.swift in Sources */,
				F6B469181DB79B5D00D0AF7A /* HeaderTableViewCell.swift in Sources */,
				F6A2D9001DF45A62006EBC13 /* CornerRadiusLabel.swift in Sources */,
				F6A2D9021DF45A71006EBC13 /* CornerRadiusButton.swift in Sources */,
				F6E9DD221DF4278600ADEDC8 /* UIViewController + Alert.swift in Sources */,
				F69A1A2A1DABEA33003053B8 /* PhotoCollectionViewCell.swift in Sources */,
				F6A0D6ED1DABA93B00927920 /* MainViewController.swift in Sources */,
				F62C04C51DBB684A0029D6AE /* PlaceManager.swift in Sources */,
				F637537C1D9A98BC00EA3ACC /* TutorialViewController.swift in Sources */,
				F6DEEF8D1D8FF387003869B5 /* WooShotViewController.swift in Sources */,
				F6CCCFB01DB6905D00E59BE0 /* AppleMusicButton.swift in Sources */,
				F6503D921DF41C2E0051EFFC /* RemoteConfig.swift in Sources */,
				F6894D1D1DA6900E00C8D2E8 /* UIImage + CropImage.swift in Sources */,
				F6503D901DF41AA50051EFFC /* Auth.swift in Sources */,
				F6A2D8FE1DF435B7006EBC13 /* PageViewController.swift in Sources */,
				F6280DAC1DBAA2190026368D /* ImageManager.swift in Sources */,
				F64B0D9F1DAE700A0045B9FC /* ProfileViewController.swift in Sources */,
				F6F060F71D2DA1E400063049 /* AppDelegate.swift in Sources */,
				F69A1A271DABE723003053B8 /* User.swift in Sources */,
				F6B60FDD1D82EEF60046D3ED /* UIColor.swift in Sources */,
				F6503D961DF41C810051EFFC /* Storage.swift in Sources */,
				F64B0D9D1DAE6FFE0045B9FC /* MapsViewController.swift in Sources */,
				F69FEF321D83054A003EEFA2 /* HomeViewController.swift in Sources */,
				F62C04C31DBB68440029D6AE /* ChatManager.swift in Sources */,
				F62C04C81DBB6AA80029D6AE /* ChatViewController.swift in Sources */,
				F67344011D9957680010311B /* PolicyViewController.swift in Sources */,
				F6A75B071DBA74A7008A65EF /* Provider.swift in Sources */,
				F6CCCFAE1DB67DCB00E59BE0 /* RoundButton.swift in Sources */,
				F65242FB1DBBE3C900982D96 /* PhotoViewController.swift in Sources */,
				F6A75B031DBA7204008A65EF /* UserManager.swift in Sources */,
				F6C4728F1D83262400D42320 /* SignUpViewController.swift in Sources */,
			);
			runOnlyForDeploymentPostprocessing = 0;
		};
/* End PBXSourcesBuildPhase section */

/* Begin PBXVariantGroup section */
		F68557451DA6853100C1384B /* InfoPlist.strings */ = {
			isa = PBXVariantGroup;
			children = (
				F68557441DA6853100C1384B /* Base */,
				F68557461DA6853A00C1384B /* fr */,
			);
			name = InfoPlist.strings;
			sourceTree = "<group>";
		};
		F6C64E5A1D2E9C5600CEBF50 /* Localizable.strings */ = {
			isa = PBXVariantGroup;
			children = (
				F6C64E591D2E9C5600CEBF50 /* fr */,
				F6C64E5C1D2E9C5F00CEBF50 /* Base */,
			);
			name = Localizable.strings;
			sourceTree = "<group>";
		};
		F6F060FA1D2DA1E400063049 /* Main.storyboard */ = {
			isa = PBXVariantGroup;
			children = (
				F6F060FB1D2DA1E400063049 /* Base */,
				F690FA351D903DD4006CB064 /* fr */,
			);
			name = Main.storyboard;
			sourceTree = "<group>";
		};
		F6F060FF1D2DA1E400063049 /* LaunchScreen.storyboard */ = {
			isa = PBXVariantGroup;
			children = (
				F6F061001D2DA1E400063049 /* Base */,
				F6C9E3AE1D2DE0BC00F66FA5 /* fr */,
			);
			name = LaunchScreen.storyboard;
			sourceTree = "<group>";
		};
/* End PBXVariantGroup section */

/* Begin XCBuildConfiguration section */
		F6F061031D2DA1E400063049 /* Debug */ = {
			isa = XCBuildConfiguration;
			buildSettings = {
				ALWAYS_SEARCH_USER_PATHS = NO;
				CLANG_ANALYZER_LOCALIZABILITY_NONLOCALIZED = YES;
				CLANG_ANALYZER_NONNULL = YES;
				CLANG_CXX_LANGUAGE_STANDARD = "gnu++0x";
				CLANG_CXX_LIBRARY = "libc++";
				CLANG_ENABLE_MODULES = YES;
				CLANG_ENABLE_OBJC_ARC = YES;
				CLANG_WARN_BOOL_CONVERSION = YES;
				CLANG_WARN_CONSTANT_CONVERSION = YES;
				CLANG_WARN_DIRECT_OBJC_ISA_USAGE = YES_ERROR;
				CLANG_WARN_EMPTY_BODY = YES;
				CLANG_WARN_ENUM_CONVERSION = YES;
				CLANG_WARN_INFINITE_RECURSION = YES;
				CLANG_WARN_INT_CONVERSION = YES;
				CLANG_WARN_OBJC_ROOT_CLASS = YES_ERROR;
				CLANG_WARN_SUSPICIOUS_MOVE = YES;
				CLANG_WARN_UNREACHABLE_CODE = YES;
				CLANG_WARN__DUPLICATE_METHOD_MATCH = YES;
				"CODE_SIGN_IDENTITY[sdk=iphoneos*]" = "iPhone Developer";
				COPY_PHASE_STRIP = NO;
				DEBUG_INFORMATION_FORMAT = dwarf;
				ENABLE_STRICT_OBJC_MSGSEND = YES;
				ENABLE_TESTABILITY = YES;
				GCC_C_LANGUAGE_STANDARD = gnu99;
				GCC_DYNAMIC_NO_PIC = NO;
				GCC_NO_COMMON_BLOCKS = YES;
				GCC_OPTIMIZATION_LEVEL = 0;
				GCC_PREPROCESSOR_DEFINITIONS = (
					"DEBUG=1",
					"$(inherited)",
				);
				GCC_WARN_64_TO_32_BIT_CONVERSION = YES;
				GCC_WARN_ABOUT_RETURN_TYPE = YES_ERROR;
				GCC_WARN_UNDECLARED_SELECTOR = YES;
				GCC_WARN_UNINITIALIZED_AUTOS = YES_AGGRESSIVE;
				GCC_WARN_UNUSED_FUNCTION = YES;
				GCC_WARN_UNUSED_VARIABLE = YES;
				IPHONEOS_DEPLOYMENT_TARGET = 10.0;
				MTL_ENABLE_DEBUG_INFO = YES;
				ONLY_ACTIVE_ARCH = YES;
				SDKROOT = iphoneos;
				SWIFT_OPTIMIZATION_LEVEL = "-Onone";
			};
			name = Debug;
		};
		F6F061041D2DA1E400063049 /* Release */ = {
			isa = XCBuildConfiguration;
			buildSettings = {
				ALWAYS_SEARCH_USER_PATHS = NO;
				CLANG_ANALYZER_LOCALIZABILITY_NONLOCALIZED = YES;
				CLANG_ANALYZER_NONNULL = YES;
				CLANG_CXX_LANGUAGE_STANDARD = "gnu++0x";
				CLANG_CXX_LIBRARY = "libc++";
				CLANG_ENABLE_MODULES = YES;
				CLANG_ENABLE_OBJC_ARC = YES;
				CLANG_WARN_BOOL_CONVERSION = YES;
				CLANG_WARN_CONSTANT_CONVERSION = YES;
				CLANG_WARN_DIRECT_OBJC_ISA_USAGE = YES_ERROR;
				CLANG_WARN_EMPTY_BODY = YES;
				CLANG_WARN_ENUM_CONVERSION = YES;
				CLANG_WARN_INFINITE_RECURSION = YES;
				CLANG_WARN_INT_CONVERSION = YES;
				CLANG_WARN_OBJC_ROOT_CLASS = YES_ERROR;
				CLANG_WARN_SUSPICIOUS_MOVE = YES;
				CLANG_WARN_UNREACHABLE_CODE = YES;
				CLANG_WARN__DUPLICATE_METHOD_MATCH = YES;
				"CODE_SIGN_IDENTITY[sdk=iphoneos*]" = "iPhone Developer";
				COPY_PHASE_STRIP = NO;
				DEBUG_INFORMATION_FORMAT = "dwarf-with-dsym";
				ENABLE_NS_ASSERTIONS = NO;
				ENABLE_STRICT_OBJC_MSGSEND = YES;
				GCC_C_LANGUAGE_STANDARD = gnu99;
				GCC_NO_COMMON_BLOCKS = YES;
				GCC_WARN_64_TO_32_BIT_CONVERSION = YES;
				GCC_WARN_ABOUT_RETURN_TYPE = YES_ERROR;
				GCC_WARN_UNDECLARED_SELECTOR = YES;
				GCC_WARN_UNINITIALIZED_AUTOS = YES_AGGRESSIVE;
				GCC_WARN_UNUSED_FUNCTION = YES;
				GCC_WARN_UNUSED_VARIABLE = YES;
				IPHONEOS_DEPLOYMENT_TARGET = 10.0;
				MTL_ENABLE_DEBUG_INFO = NO;
				SDKROOT = iphoneos;
				VALIDATE_PRODUCT = YES;
			};
			name = Release;
		};
		F6F061061D2DA1E400063049 /* Debug */ = {
			isa = XCBuildConfiguration;
			baseConfigurationReference = 928E7D41511CBF25DD144CC2 /* Pods-WooShot.debug.xcconfig */;
			buildSettings = {
				ALWAYS_EMBED_SWIFT_STANDARD_LIBRARIES = YES;
				ASSETCATALOG_COMPILER_APPICON_NAME = AppIcon;
				CODE_SIGN_ENTITLEMENTS = WooShot/WooShot.entitlements;
				CODE_SIGN_IDENTITY = "iPhone Developer";
				"CODE_SIGN_IDENTITY[sdk=iphoneos*]" = "iPhone Developer";
				DEVELOPMENT_TEAM = YLWQZ572AG;
				FRAMEWORK_SEARCH_PATHS = (
					"$(inherited)",
					"$(PROJECT_DIR)",
				);
				INFOPLIST_FILE = WooShot/Info.plist;
				IPHONEOS_DEPLOYMENT_TARGET = 10.1;
				LD_RUNPATH_SEARCH_PATHS = "$(inherited) @executable_path/Frameworks";
				PRODUCT_BUNDLE_IDENTIFIER = com.wooshot.WooShot;
				PRODUCT_NAME = "$(TARGET_NAME)";
				PROVISIONING_PROFILE = "";
				SWIFT_VERSION = 3.0;
			};
			name = Debug;
		};
		F6F061071D2DA1E400063049 /* Release */ = {
			isa = XCBuildConfiguration;
			baseConfigurationReference = 6373FC3B49F7FF93A5A494C5 /* Pods-WooShot.release.xcconfig */;
			buildSettings = {
				ALWAYS_EMBED_SWIFT_STANDARD_LIBRARIES = YES;
				ASSETCATALOG_COMPILER_APPICON_NAME = AppIcon;
				CODE_SIGN_ENTITLEMENTS = WooShot/WooShot.entitlements;
				CODE_SIGN_IDENTITY = "iPhone Developer";
				"CODE_SIGN_IDENTITY[sdk=iphoneos*]" = "iPhone Developer";
				DEVELOPMENT_TEAM = YLWQZ572AG;
				FRAMEWORK_SEARCH_PATHS = (
					"$(inherited)",
					"$(PROJECT_DIR)",
				);
				INFOPLIST_FILE = WooShot/Info.plist;
				IPHONEOS_DEPLOYMENT_TARGET = 10.1;
				LD_RUNPATH_SEARCH_PATHS = "$(inherited) @executable_path/Frameworks";
				PRODUCT_BUNDLE_IDENTIFIER = com.wooshot.WooShot;
				PRODUCT_NAME = "$(TARGET_NAME)";
				PROVISIONING_PROFILE = "";
				SWIFT_OPTIMIZATION_LEVEL = "-Owholemodule";
				SWIFT_VERSION = 3.0;
			};
			name = Release;
		};
/* End XCBuildConfiguration section */

/* Begin XCConfigurationList section */
		F6F060EE1D2DA1E400063049 /* Build configuration list for PBXProject "WooShot" */ = {
			isa = XCConfigurationList;
			buildConfigurations = (
				F6F061031D2DA1E400063049 /* Debug */,
				F6F061041D2DA1E400063049 /* Release */,
			);
			defaultConfigurationIsVisible = 0;
			defaultConfigurationName = Release;
		};
		F6F061051D2DA1E400063049 /* Build configuration list for PBXNativeTarget "WooShot" */ = {
			isa = XCConfigurationList;
			buildConfigurations = (
				F6F061061D2DA1E400063049 /* Debug */,
				F6F061071D2DA1E400063049 /* Release */,
			);
			defaultConfigurationIsVisible = 0;
			defaultConfigurationName = Release;
		};
/* End XCConfigurationList section */
	};
	rootObject = F6F060EB1D2DA1E400063049 /* Project object */;
}
